
Microsoft Visual Studio Solution File, Format Version 12.00
# Visual Studio Version 17
VisualStudioVersion = 17.11.35312.102
MinimumVisualStudioVersion = 10.0.40219.1
Project("{FAE04EC0-301F-11D3-BF4B-00C04F79EFBC}") = "JustFog", "JustFog.csproj", "{DA0BA02E-E99F-47E3-97A1-D357126E433F}"
EndProject
Global
	GlobalSection(SolutionConfigurationPlatforms) = preSolution
		Debug|Any CPU = Debug|Any CPU
		Release|Any CPU = Release|Any CPU
	EndGlobalSection
	GlobalSection(ProjectConfigurationPlatforms) = postSolution
		{DA0BA02E-E99F-47E3-97A1-D357126E433F}.Debug|Any CPU.ActiveCfg = Debug|Any CPU
		{DA0BA02E-E99F-47E3-97A1-D357126E433F}.Debug|Any CPU.Build.0 = Debug|Any CPU
		{DA0BA02E-E99F-47E3-97A1-D357126E433F}.Release|Any CPU.ActiveCfg = Release|Any CPU
		{DA0BA02E-E99F-47E3-97A1-D357126E433F}.Release|Any CPU.Build.0 = Release|Any CPU
	EndGlobalSection
	GlobalSection(SolutionProperties) = preSolution
		HideSolutionNode = FALSE
	EndGlobalSection
	GlobalSection(ExtensibilityGlobals) = postSolution
		SolutionGuid = {E455F160-FBB1-402A-978A-48E9F79E8134}
	EndGlobalSection
EndGlobal
